
Microsoft Visual Studio Solution File, Format Version 12.00
# Visual Studio Version 17
VisualStudioVersion = 17.10.34902.84
MinimumVisualStudioVersion = 10.0.40219.1
Project("{9A19103F-16F7-4668-BE54-9A1E7A4F7556}") = "TodoWeb", "TodoWeb\TodoWeb.csproj", "{F6AF3969-5DE1-410D-AD6A-CBFBD841BBEF}"
EndProject
Project("{9A19103F-16F7-4668-BE54-9A1E7A4F7556}") = "TodoMiniAPI", "TodoMiniAPI\TodoMiniAPI.csproj", "{8F53B412-DDC9-4424-810F-158E1D84B02D}"
EndProject
Global
	GlobalSection(SolutionConfigurationPlatforms) = preSolution
		Debug|Any CPU = Debug|Any CPU
		Release|Any CPU = Release|Any CPU
	EndGlobalSection
	GlobalSection(ProjectConfigurationPlatforms) = postSolution
		{F6AF3969-5DE1-410D-AD6A-CBFBD841BBEF}.Debug|Any CPU.ActiveCfg = Debug|Any CPU
		{F6AF3969-5DE1-410D-AD6A-CBFBD841BBEF}.Debug|Any CPU.Build.0 = Debug|Any CPU
		{F6AF3969-5DE1-410D-AD6A-CBFBD841BBEF}.Release|Any CPU.ActiveCfg = Release|Any CPU
		{F6AF3969-5DE1-410D-AD6A-CBFBD841BBEF}.Release|Any CPU.Build.0 = Release|Any CPU
		{8F53B412-DDC9-4424-810F-158E1D84B02D}.Debug|Any CPU.ActiveCfg = Debug|Any CPU
		{8F53B412-DDC9-4424-810F-158E1D84B02D}.Debug|Any CPU.Build.0 = Debug|Any CPU
		{8F53B412-DDC9-4424-810F-158E1D84B02D}.Release|Any CPU.ActiveCfg = Release|Any CPU
		{8F53B412-DDC9-4424-810F-158E1D84B02D}.Release|Any CPU.Build.0 = Release|Any CPU
	EndGlobalSection
	GlobalSection(SolutionProperties) = preSolution
		HideSolutionNode = FALSE
	EndGlobalSection
	GlobalSection(ExtensibilityGlobals) = postSolution
		SolutionGuid = {BEA695EA-94E6-43E7-8151-92ED26A32B1E}
	EndGlobalSection
EndGlobal
